
Microsoft Visual Studio Solution File, Format Version 12.00
# Visual Studio 15
VisualStudioVersion = 15.0.27428.2043
MinimumVisualStudioVersion = 10.0.40219.1
Project("{FAE04EC0-301F-11D3-BF4B-00C04F79EFBC}") = "CrudDb", "CrudDb\CrudDb.csproj", "{B2090E4C-A3A7-4DED-9362-F25DC435F142}"
EndProject
Global
	GlobalSection(SolutionConfigurationPlatforms) = preSolution
		Debug|Any CPU = Debug|Any CPU
		Release|Any CPU = Release|Any CPU
	EndGlobalSection
	GlobalSection(ProjectConfigurationPlatforms) = postSolution
		{B2090E4C-A3A7-4DED-9362-F25DC435F142}.Debug|Any CPU.ActiveCfg = Debug|Any CPU
		{B2090E4C-A3A7-4DED-9362-F25DC435F142}.Debug|Any CPU.Build.0 = Debug|Any CPU
		{B2090E4C-A3A7-4DED-9362-F25DC435F142}.Release|Any CPU.ActiveCfg = Release|Any CPU
		{B2090E4C-A3A7-4DED-9362-F25DC435F142}.Release|Any CPU.Build.0 = Release|Any CPU
	EndGlobalSection
	GlobalSection(SolutionProperties) = preSolution
		HideSolutionNode = FALSE
	EndGlobalSection
	GlobalSection(ExtensibilityGlobals) = postSolution
		SolutionGuid = {76F08AA1-F7C0-4485-9E4F-15540E471EB3}
	EndGlobalSection
EndGlobal
